
Microsoft Visual Studio Solution File, Format Version 12.00
# Visual Studio 15
Project("{FAE04EC0-301F-11D3-BF4B-00C04F79EFBC}") = "Assembly-CSharp", "Assembly-CSharp.csproj", "{F5E0EBC1-6100-BB8F-43B8-A378E64B9F4B}"
EndProject
Global
	GlobalSection(SolutionConfigurationPlatforms) = preSolution
		Debug|Any CPU = Debug|Any CPU
		Release|Any CPU = Release|Any CPU
	EndGlobalSection
	GlobalSection(ProjectConfigurationPlatforms) = postSolution
		{F5E0EBC1-6100-BB8F-43B8-A378E64B9F4B}.Debug|Any CPU.ActiveCfg = Debug|Any CPU
		{F5E0EBC1-6100-BB8F-43B8-A378E64B9F4B}.Debug|Any CPU.Build.0 = Debug|Any CPU
		{F5E0EBC1-6100-BB8F-43B8-A378E64B9F4B}.Release|Any CPU.ActiveCfg = Release|Any CPU
		{F5E0EBC1-6100-BB8F-43B8-A378E64B9F4B}.Release|Any CPU.Build.0 = Release|Any CPU
	EndGlobalSection
	GlobalSection(SolutionProperties) = preSolution
		HideSolutionNode = FALSE
	EndGlobalSection
EndGlobal
